
Microsoft Visual Studio Solution File, Format Version 12.00
Project("{FAE04EC0-301F-11D3-BF4B-00C04F79EFBC}") = "Server.Infrastructure", "Server.Infrastructure\Server.Infrastructure.csproj", "{3A9005E2-CADE-4516-9E1E-4E906090073C}"
EndProject
Project("{FAE04EC0-301F-11D3-BF4B-00C04F79EFBC}") = "Server.Domain", "Server.Domain\Server.Domain.csproj", "{BF7FBCD3-D959-48DB-A6EA-00143155F80E}"
EndProject
Project("{FAE04EC0-301F-11D3-BF4B-00C04F79EFBC}") = "Server.Contracts", "Server.Contracts\Server.Contracts.csproj", "{7275A2D6-98C3-4E96-AC11-9C6F116246A2}"
EndProject
Project("{FAE04EC0-301F-11D3-BF4B-00C04F79EFBC}") = "Server.Application", "Server.Application\Server.Application.csproj", "{65F3E090-8EB6-4D1D-BDCB-C28CE2BDB279}"
EndProject
Project("{FAE04EC0-301F-11D3-BF4B-00C04F79EFBC}") = "Server.Api", "Server.Api\Server.Api.csproj", "{C42935D1-504A-466D-979C-CD47D1085572}"
EndProject
Global
	GlobalSection(SolutionConfigurationPlatforms) = preSolution
		Debug|Any CPU = Debug|Any CPU
		Release|Any CPU = Release|Any CPU
	EndGlobalSection
	GlobalSection(ProjectConfigurationPlatforms) = postSolution
		{3A9005E2-CADE-4516-9E1E-4E906090073C}.Debug|Any CPU.ActiveCfg = Debug|Any CPU
		{3A9005E2-CADE-4516-9E1E-4E906090073C}.Debug|Any CPU.Build.0 = Debug|Any CPU
		{3A9005E2-CADE-4516-9E1E-4E906090073C}.Release|Any CPU.ActiveCfg = Release|Any CPU
		{3A9005E2-CADE-4516-9E1E-4E906090073C}.Release|Any CPU.Build.0 = Release|Any CPU
		{BF7FBCD3-D959-48DB-A6EA-00143155F80E}.Debug|Any CPU.ActiveCfg = Debug|Any CPU
		{BF7FBCD3-D959-48DB-A6EA-00143155F80E}.Debug|Any CPU.Build.0 = Debug|Any CPU
		{BF7FBCD3-D959-48DB-A6EA-00143155F80E}.Release|Any CPU.ActiveCfg = Release|Any CPU
		{BF7FBCD3-D959-48DB-A6EA-00143155F80E}.Release|Any CPU.Build.0 = Release|Any CPU
		{7275A2D6-98C3-4E96-AC11-9C6F116246A2}.Debug|Any CPU.ActiveCfg = Debug|Any CPU
		{7275A2D6-98C3-4E96-AC11-9C6F116246A2}.Debug|Any CPU.Build.0 = Debug|Any CPU
		{7275A2D6-98C3-4E96-AC11-9C6F116246A2}.Release|Any CPU.ActiveCfg = Release|Any CPU
		{7275A2D6-98C3-4E96-AC11-9C6F116246A2}.Release|Any CPU.Build.0 = Release|Any CPU
		{65F3E090-8EB6-4D1D-BDCB-C28CE2BDB279}.Debug|Any CPU.ActiveCfg = Debug|Any CPU
		{65F3E090-8EB6-4D1D-BDCB-C28CE2BDB279}.Debug|Any CPU.Build.0 = Debug|Any CPU
		{65F3E090-8EB6-4D1D-BDCB-C28CE2BDB279}.Release|Any CPU.ActiveCfg = Release|Any CPU
		{65F3E090-8EB6-4D1D-BDCB-C28CE2BDB279}.Release|Any CPU.Build.0 = Release|Any CPU
		{C42935D1-504A-466D-979C-CD47D1085572}.Debug|Any CPU.ActiveCfg = Debug|Any CPU
		{C42935D1-504A-466D-979C-CD47D1085572}.Debug|Any CPU.Build.0 = Debug|Any CPU
		{C42935D1-504A-466D-979C-CD47D1085572}.Release|Any CPU.ActiveCfg = Release|Any CPU
		{C42935D1-504A-466D-979C-CD47D1085572}.Release|Any CPU.Build.0 = Release|Any CPU
	EndGlobalSection
EndGlobal
